
Microsoft Visual Studio Solution File, Format Version 12.00
# Visual Studio Version 17
VisualStudioVersion = 17.5.002.0
MinimumVisualStudioVersion = 10.0.40219.1
Project("{9A19103F-16F7-4668-BE54-9A1E7A4F7556}") = "apiwebhook", "apiwebhook.csproj", "{A20FBBAE-C6B9-497B-8294-E8701382ED76}"
EndProject
Global
	GlobalSection(SolutionConfigurationPlatforms) = preSolution
		Debug|Any CPU = Debug|Any CPU
		Release|Any CPU = Release|Any CPU
	EndGlobalSection
	GlobalSection(ProjectConfigurationPlatforms) = postSolution
		{A20FBBAE-C6B9-497B-8294-E8701382ED76}.Debug|Any CPU.ActiveCfg = Debug|Any CPU
		{A20FBBAE-C6B9-497B-8294-E8701382ED76}.Debug|Any CPU.Build.0 = Debug|Any CPU
		{A20FBBAE-C6B9-497B-8294-E8701382ED76}.Release|Any CPU.ActiveCfg = Release|Any CPU
		{A20FBBAE-C6B9-497B-8294-E8701382ED76}.Release|Any CPU.Build.0 = Release|Any CPU
	EndGlobalSection
	GlobalSection(SolutionProperties) = preSolution
		HideSolutionNode = FALSE
	EndGlobalSection
	GlobalSection(ExtensibilityGlobals) = postSolution
		SolutionGuid = {439E419F-709A-44C1-BCA1-5743932CAD1C}
	EndGlobalSection
EndGlobal
